{
  "name": "my-super-amazing-app",
  "version": "1.0.0",
  "lockfileVersion": 1,
  "requires": true,
  "dependencies": {
    "@wiris/mathtype-ckeditor4": {
      "version": "7.24.0",
      "resolved": "https://registry.npmjs.org/@wiris/mathtype-ckeditor4/-/mathtype-ckeditor4-7.24.0.tgz",
      "integrity": "sha512-upFaKjhsDZ/OcWbMjsWKvDLcU+galagY12Zt//VHF+XZCv3KHT0wzvTPaHJnzMTEtXAEh/uUL1aOJVaATQQB6A=="
    }
  }
}
